// !$*UTF8*$!
{
	archiveVersion = 1;
	classes = {
	};
	objectVersion = 46;
	objects = {

/* Begin PBXBuildFile section */
		B50B0AE51B06EDA300C1A314 /* SODGraphViewWithAxis.swift in Sources */ = {isa = PBXBuildFile; fileRef = B50B0AE41B06EDA300C1A314 /* SODGraphViewWithAxis.swift */; };
		B5113FE71B08CD210070E687 /* SODGraphView.swift in Sources */ = {isa = PBXBuildFile; fileRef = B5113FE61B08CD210070E687 /* SODGraphView.swift */; };
		B5A7AAD91B07A98200AB75C4 /* SODAxisView.swift in Sources */ = {isa = PBXBuildFile; fileRef = B5A7AAD81B07A98200AB75C4 /* SODAxisView.swift */; };
		B5A7AADB1B07ADEC00AB75C4 /* SODAxisLineView.swift in Sources */ = {isa = PBXBuildFile; fileRef = B5A7AADA1B07ADEC00AB75C4 /* SODAxisLineView.swift */; };
		B5B9392C1B0646DB00DC7BE7 /* AppDelegate.swift in Sources */ = {isa = PBXBuildFile; fileRef = B5B9392B1B0646DB00DC7BE7 /* AppDelegate.swift */; };
		B5B9392E1B0646DB00DC7BE7 /* ViewController.swift in Sources */ = {isa = PBXBuildFile; fileRef = B5B9392D1B0646DB00DC7BE7 /* ViewController.swift */; };
		B5B939311B0646DB00DC7BE7 /* Main.storyboard in Resources */ = {isa = PBXBuildFile; fileRef = B5B9392F1B0646DB00DC7BE7 /* Main.storyboard */; };
		B5B939331B0646DB00DC7BE7 /* Images.xcassets in Resources */ = {isa = PBXBuildFile; fileRef = B5B939321B0646DB00DC7BE7 /* Images.xcassets */; };
		B5B939361B0646DB00DC7BE7 /* LaunchScreen.xib in Resources */ = {isa = PBXBuildFile; fileRef = B5B939341B0646DB00DC7BE7 /* LaunchScreen.xib */; };
		B5B939421B0646DB00DC7BE7 /* SodaliteTests.swift in Sources */ = {isa = PBXBuildFile; fileRef = B5B939411B0646DB00DC7BE7 /* SodaliteTests.swift */; };
		B5C978231B06495A009527EC /* SODDrawable.swift in Sources */ = {isa = PBXBuildFile; fileRef = B5C978221B06495A009527EC /* SODDrawable.swift */; };
		B5C978251B064C1B009527EC /* SODBarGraphView.swift in Sources */ = {isa = PBXBuildFile; fileRef = B5C978241B064C1B009527EC /* SODBarGraphView.swift */; };
/* End PBXBuildFile section */

/* Begin PBXContainerItemProxy section */
		B5B9393C1B0646DB00DC7BE7 /* PBXContainerItemProxy */ = {
			isa = PBXContainerItemProxy;
			containerPortal = B5B9391E1B0646DB00DC7BE7 /* Project object */;
			proxyType = 1;
			remoteGlobalIDString = B5B939251B0646DB00DC7BE7;
			remoteInfo = Sodalite;
		};
/* End PBXContainerItemProxy section */

/* Begin PBXFileReference section */
		B50B0AE41B06EDA300C1A314 /* SODGraphViewWithAxis.swift */ = {isa = PBXFileReference; fileEncoding = 4; lastKnownFileType = sourcecode.swift; path = SODGraphViewWithAxis.swift; sourceTree = "<group>"; };
		B5113FE61B08CD210070E687 /* SODGraphView.swift */ = {isa = PBXFileReference; fileEncoding = 4; lastKnownFileType = sourcecode.swift; path = SODGraphView.swift; sourceTree = "<group>"; };
		B5A7AAD81B07A98200AB75C4 /* SODAxisView.swift */ = {isa = PBXFileReference; fileEncoding = 4; lastKnownFileType = sourcecode.swift; path = SODAxisView.swift; sourceTree = "<group>"; };
		B5A7AADA1B07ADEC00AB75C4 /* SODAxisLineView.swift */ = {isa = PBXFileReference; fileEncoding = 4; lastKnownFileType = sourcecode.swift; path = SODAxisLineView.swift; sourceTree = "<group>"; };
		B5B939261B0646DB00DC7BE7 /* Sodalite.app */ = {isa = PBXFileReference; explicitFileType = wrapper.application; includeInIndex = 0; path = Sodalite.app; sourceTree = BUILT_PRODUCTS_DIR; };
		B5B9392A1B0646DB00DC7BE7 /* Info.plist */ = {isa = PBXFileReference; lastKnownFileType = text.plist.xml; path = Info.plist; sourceTree = "<group>"; };
		B5B9392B1B0646DB00DC7BE7 /* AppDelegate.swift */ = {isa = PBXFileReference; lastKnownFileType = sourcecode.swift; path = AppDelegate.swift; sourceTree = "<group>"; };
		B5B9392D1B0646DB00DC7BE7 /* ViewController.swift */ = {isa = PBXFileReference; lastKnownFileType = sourcecode.swift; path = ViewController.swift; sourceTree = "<group>"; };
		B5B939301B0646DB00DC7BE7 /* Base */ = {isa = PBXFileReference; lastKnownFileType = file.storyboard; name = Base; path = Base.lproj/Main.storyboard; sourceTree = "<group>"; };
		B5B939321B0646DB00DC7BE7 /* Images.xcassets */ = {isa = PBXFileReference; lastKnownFileType = folder.assetcatalog; path = Images.xcassets; sourceTree = "<group>"; };
		B5B939351B0646DB00DC7BE7 /* Base */ = {isa = PBXFileReference; lastKnownFileType = file.xib; name = Base; path = Base.lproj/LaunchScreen.xib; sourceTree = "<group>"; };
		B5B9393B1B0646DB00DC7BE7 /* SodaliteTests.xctest */ = {isa = PBXFileReference; explicitFileType = wrapper.cfbundle; includeInIndex = 0; path = SodaliteTests.xctest; sourceTree = BUILT_PRODUCTS_DIR; };
		B5B939401B0646DB00DC7BE7 /* Info.plist */ = {isa = PBXFileReference; lastKnownFileType = text.plist.xml; path = Info.plist; sourceTree = "<group>"; };
		B5B939411B0646DB00DC7BE7 /* SodaliteTests.swift */ = {isa = PBXFileReference; lastKnownFileType = sourcecode.swift; path = SodaliteTests.swift; sourceTree = "<group>"; };
		B5C978221B06495A009527EC /* SODDrawable.swift */ = {isa = PBXFileReference; fileEncoding = 4; lastKnownFileType = sourcecode.swift; path = SODDrawable.swift; sourceTree = "<group>"; };
		B5C978241B064C1B009527EC /* SODBarGraphView.swift */ = {isa = PBXFileReference; fileEncoding = 4; lastKnownFileType = sourcecode.swift; path = SODBarGraphView.swift; sourceTree = "<group>"; };
/* End PBXFileReference section */

/* Begin PBXFrameworksBuildPhase section */
		B5B939231B0646DB00DC7BE7 /* Frameworks */ = {
			isa = PBXFrameworksBuildPhase;
			buildActionMask = 2147483647;
			files = (
			);
			runOnlyForDeploymentPostprocessing = 0;
		};
		B5B939381B0646DB00DC7BE7 /* Frameworks */ = {
			isa = PBXFrameworksBuildPhase;
			buildActionMask = 2147483647;
			files = (
			);
			runOnlyForDeploymentPostprocessing = 0;
		};
/* End PBXFrameworksBuildPhase section */

/* Begin PBXGroup section */
		B5B9391D1B0646DB00DC7BE7 = {
			isa = PBXGroup;
			children = (
				B5B939281B0646DB00DC7BE7 /* Sodalite */,
				B5B9393E1B0646DB00DC7BE7 /* SodaliteTests */,
				B5B939271B0646DB00DC7BE7 /* Products */,
			);
			sourceTree = "<group>";
		};
		B5B939271B0646DB00DC7BE7 /* Products */ = {
			isa = PBXGroup;
			children = (
				B5B939261B0646DB00DC7BE7 /* Sodalite.app */,
				B5B9393B1B0646DB00DC7BE7 /* SodaliteTests.xctest */,
			);
			name = Products;
			sourceTree = "<group>";
		};
		B5B939281B0646DB00DC7BE7 /* Sodalite */ = {
			isa = PBXGroup;
			children = (
				B5C978211B0648FA009527EC /* Classes */,
				B5B9392B1B0646DB00DC7BE7 /* AppDelegate.swift */,
				B5B9392D1B0646DB00DC7BE7 /* ViewController.swift */,
				B5B9392F1B0646DB00DC7BE7 /* Main.storyboard */,
				B5B939321B0646DB00DC7BE7 /* Images.xcassets */,
				B5B939341B0646DB00DC7BE7 /* LaunchScreen.xib */,
				B5B939291B0646DB00DC7BE7 /* Supporting Files */,
			);
			path = Sodalite;
			sourceTree = "<group>";
		};
		B5B939291B0646DB00DC7BE7 /* Supporting Files */ = {
			isa = PBXGroup;
			children = (
				B5B9392A1B0646DB00DC7BE7 /* Info.plist */,
			);
			name = "Supporting Files";
			sourceTree = "<group>";
		};
		B5B9393E1B0646DB00DC7BE7 /* SodaliteTests */ = {
			isa = PBXGroup;
			children = (
				B5B939411B0646DB00DC7BE7 /* SodaliteTests.swift */,
				B5B9393F1B0646DB00DC7BE7 /* Supporting Files */,
			);
			path = SodaliteTests;
			sourceTree = "<group>";
		};
		B5B9393F1B0646DB00DC7BE7 /* Supporting Files */ = {
			isa = PBXGroup;
			children = (
				B5B939401B0646DB00DC7BE7 /* Info.plist */,
			);
			name = "Supporting Files";
			sourceTree = "<group>";
		};
		B5C978211B0648FA009527EC /* Classes */ = {
			isa = PBXGroup;
			children = (
				B5C978221B06495A009527EC /* SODDrawable.swift */,
				B5C978241B064C1B009527EC /* SODBarGraphView.swift */,
				B50B0AE41B06EDA300C1A314 /* SODGraphViewWithAxis.swift */,
				B5A7AAD81B07A98200AB75C4 /* SODAxisView.swift */,
				B5A7AADA1B07ADEC00AB75C4 /* SODAxisLineView.swift */,
				B5113FE61B08CD210070E687 /* SODGraphView.swift */,
			);
			name = Classes;
			sourceTree = "<group>";
		};
/* End PBXGroup section */

/* Begin PBXNativeTarget section */
		B5B939251B0646DB00DC7BE7 /* Sodalite */ = {
			isa = PBXNativeTarget;
			buildConfigurationList = B5B939451B0646DB00DC7BE7 /* Build configuration list for PBXNativeTarget "Sodalite" */;
			buildPhases = (
				B5B939221B0646DB00DC7BE7 /* Sources */,
				B5B939231B0646DB00DC7BE7 /* Frameworks */,
				B5B939241B0646DB00DC7BE7 /* Resources */,
			);
			buildRules = (
			);
			dependencies = (
			);
			name = Sodalite;
			productName = Sodalite;
			productReference = B5B939261B0646DB00DC7BE7 /* Sodalite.app */;
			productType = "com.apple.product-type.application";
		};
		B5B9393A1B0646DB00DC7BE7 /* SodaliteTests */ = {
			isa = PBXNativeTarget;
			buildConfigurationList = B5B939481B0646DB00DC7BE7 /* Build configuration list for PBXNativeTarget "SodaliteTests" */;
			buildPhases = (
				B5B939371B0646DB00DC7BE7 /* Sources */,
				B5B939381B0646DB00DC7BE7 /* Frameworks */,
				B5B939391B0646DB00DC7BE7 /* Resources */,
			);
			buildRules = (
			);
			dependencies = (
				B5B9393D1B0646DB00DC7BE7 /* PBXTargetDependency */,
			);
			name = SodaliteTests;
			productName = SodaliteTests;
			productReference = B5B9393B1B0646DB00DC7BE7 /* SodaliteTests.xctest */;
			productType = "com.apple.product-type.bundle.unit-test";
		};
/* End PBXNativeTarget section */

/* Begin PBXProject section */
		B5B9391E1B0646DB00DC7BE7 /* Project object */ = {
			isa = PBXProject;
			attributes = {
				LastUpgradeCheck = 0640;
				ORGANIZATIONNAME = "S-Shimotori";
				TargetAttributes = {
					B5B939251B0646DB00DC7BE7 = {
						CreatedOnToolsVersion = 6.4;
					};
					B5B9393A1B0646DB00DC7BE7 = {
						CreatedOnToolsVersion = 6.4;
						TestTargetID = B5B939251B0646DB00DC7BE7;
					};
				};
			};
			buildConfigurationList = B5B939211B0646DB00DC7BE7 /* Build configuration list for PBXProject "Sodalite" */;
			compatibilityVersion = "Xcode 3.2";
			developmentRegion = English;
			hasScannedForEncodings = 0;
			knownRegions = (
				en,
				Base,
			);
			mainGroup = B5B9391D1B0646DB00DC7BE7;
			productRefGroup = B5B939271B0646DB00DC7BE7 /* Products */;
			projectDirPath = "";
			projectRoot = "";
			targets = (
				B5B939251B0646DB00DC7BE7 /* Sodalite */,
				B5B9393A1B0646DB00DC7BE7 /* SodaliteTests */,
			);
		};
/* End PBXProject section */

/* Begin PBXResourcesBuildPhase section */
		B5B939241B0646DB00DC7BE7 /* Resources */ = {
			isa = PBXResourcesBuildPhase;
			buildActionMask = 2147483647;
			files = (
				B5B939311B0646DB00DC7BE7 /* Main.storyboard in Resources */,
				B5B939361B0646DB00DC7BE7 /* LaunchScreen.xib in Resources */,
				B5B939331B0646DB00DC7BE7 /* Images.xcassets in Resources */,
			);
			runOnlyForDeploymentPostprocessing = 0;
		};
		B5B939391B0646DB00DC7BE7 /* Resources */ = {
			isa = PBXResourcesBuildPhase;
			buildActionMask = 2147483647;
			files = (
			);
			runOnlyForDeploymentPostprocessing = 0;
		};
/* End PBXResourcesBuildPhase section */

/* Begin PBXSourcesBuildPhase section */
		B5B939221B0646DB00DC7BE7 /* Sources */ = {
			isa = PBXSourcesBuildPhase;
			buildActionMask = 2147483647;
			files = (
				B5113FE71B08CD210070E687 /* SODGraphView.swift in Sources */,
				B5C978251B064C1B009527EC /* SODBarGraphView.swift in Sources */,
				B5C978231B06495A009527EC /* SODDrawable.swift in Sources */,
				B5A7AAD91B07A98200AB75C4 /* SODAxisView.swift in Sources */,
				B50B0AE51B06EDA300C1A314 /* SODGraphViewWithAxis.swift in Sources */,
				B5B9392E1B0646DB00DC7BE7 /* ViewController.swift in Sources */,
				B5A7AADB1B07ADEC00AB75C4 /* SODAxisLineView.swift in Sources */,
				B5B9392C1B0646DB00DC7BE7 /* AppDelegate.swift in Sources */,
			);
			runOnlyForDeploymentPostprocessing = 0;
		};
		B5B939371B0646DB00DC7BE7 /* Sources */ = {
			isa = PBXSourcesBuildPhase;
			buildActionMask = 2147483647;
			files = (
				B5B939421B0646DB00DC7BE7 /* SodaliteTests.swift in Sources */,
			);
			runOnlyForDeploymentPostprocessing = 0;
		};
/* End PBXSourcesBuildPhase section */

/* Begin PBXTargetDependency section */
		B5B9393D1B0646DB00DC7BE7 /* PBXTargetDependency */ = {
			isa = PBXTargetDependency;
			target = B5B939251B0646DB00DC7BE7 /* Sodalite */;
			targetProxy = B5B9393C1B0646DB00DC7BE7 /* PBXContainerItemProxy */;
		};
/* End PBXTargetDependency section */

/* Begin PBXVariantGroup section */
		B5B9392F1B0646DB00DC7BE7 /* Main.storyboard */ = {
			isa = PBXVariantGroup;
			children = (
				B5B939301B0646DB00DC7BE7 /* Base */,
			);
			name = Main.storyboard;
			sourceTree = "<group>";
		};
		B5B939341B0646DB00DC7BE7 /* LaunchScreen.xib */ = {
			isa = PBXVariantGroup;
			children = (
				B5B939351B0646DB00DC7BE7 /* Base */,
			);
			name = LaunchScreen.xib;
			sourceTree = "<group>";
		};
/* End PBXVariantGroup section */

/* Begin XCBuildConfiguration section */
		B5B939431B0646DB00DC7BE7 /* Debug */ = {
			isa = XCBuildConfiguration;
			buildSettings = {
				ALWAYS_SEARCH_USER_PATHS = NO;
				CLANG_CXX_LANGUAGE_STANDARD = "gnu++0x";
				CLANG_CXX_LIBRARY = "libc++";
				CLANG_ENABLE_MODULES = YES;
				CLANG_ENABLE_OBJC_ARC = YES;
				CLANG_WARN_BOOL_CONVERSION = YES;
				CLANG_WARN_CONSTANT_CONVERSION = YES;
				CLANG_WARN_DIRECT_OBJC_ISA_USAGE = YES_ERROR;
				CLANG_WARN_EMPTY_BODY = YES;
				CLANG_WARN_ENUM_CONVERSION = YES;
				CLANG_WARN_INT_CONVERSION = YES;
				CLANG_WARN_OBJC_ROOT_CLASS = YES_ERROR;
				CLANG_WARN_UNREACHABLE_CODE = YES;
				CLANG_WARN__DUPLICATE_METHOD_MATCH = YES;
				"CODE_SIGN_IDENTITY[sdk=iphoneos*]" = "iPhone Developer";
				COPY_PHASE_STRIP = NO;
				DEBUG_INFORMATION_FORMAT = "dwarf-with-dsym";
				ENABLE_STRICT_OBJC_MSGSEND = YES;
				GCC_C_LANGUAGE_STANDARD = gnu99;
				GCC_DYNAMIC_NO_PIC = NO;
				GCC_NO_COMMON_BLOCKS = YES;
				GCC_OPTIMIZATION_LEVEL = 0;
				GCC_PREPROCESSOR_DEFINITIONS = (
					"DEBUG=1",
					"$(inherited)",
				);
				GCC_SYMBOLS_PRIVATE_EXTERN = NO;
				GCC_WARN_64_TO_32_BIT_CONVERSION = YES;
				GCC_WARN_ABOUT_RETURN_TYPE = YES_ERROR;
				GCC_WARN_UNDECLARED_SELECTOR = YES;
				GCC_WARN_UNINITIALIZED_AUTOS = YES_AGGRESSIVE;
				GCC_WARN_UNUSED_FUNCTION = YES;
				GCC_WARN_UNUSED_VARIABLE = YES;
				IPHONEOS_DEPLOYMENT_TARGET = 8.4;
				MTL_ENABLE_DEBUG_INFO = YES;
				ONLY_ACTIVE_ARCH = YES;
				SDKROOT = iphoneos;
				SWIFT_OPTIMIZATION_LEVEL = "-Onone";
			};
			name = Debug;
		};
		B5B939441B0646DB00DC7BE7 /* Release */ = {
			isa = XCBuildConfiguration;
			buildSettings = {
				ALWAYS_SEARCH_USER_PATHS = NO;
				CLANG_CXX_LANGUAGE_STANDARD = "gnu++0x";
				CLANG_CXX_LIBRARY = "libc++";
				CLANG_ENABLE_MODULES = YES;
				CLANG_ENABLE_OBJC_ARC = YES;
				CLANG_WARN_BOOL_CONVERSION = YES;
				CLANG_WARN_CONSTANT_CONVERSION = YES;
				CLANG_WARN_DIRECT_OBJC_ISA_USAGE = YES_ERROR;
				CLANG_WARN_EMPTY_BODY = YES;
				CLANG_WARN_ENUM_CONVERSION = YES;
				CLANG_WARN_INT_CONVERSION = YES;
				CLANG_WARN_OBJC_ROOT_CLASS = YES_ERROR;
				CLANG_WARN_UNREACHABLE_CODE = YES;
				CLANG_WARN__DUPLICATE_METHOD_MATCH = YES;
				"CODE_SIGN_IDENTITY[sdk=iphoneos*]" = "iPhone Developer";
				COPY_PHASE_STRIP = NO;
				DEBUG_INFORMATION_FORMAT = "dwarf-with-dsym";
				ENABLE_NS_ASSERTIONS = NO;
				ENABLE_STRICT_OBJC_MSGSEND = YES;
				GCC_C_LANGUAGE_STANDARD = gnu99;
				GCC_NO_COMMON_BLOCKS = YES;
				GCC_WARN_64_TO_32_BIT_CONVERSION = YES;
				GCC_WARN_ABOUT_RETURN_TYPE = YES_ERROR;
				GCC_WARN_UNDECLARED_SELECTOR = YES;
				GCC_WARN_UNINITIALIZED_AUTOS = YES_AGGRESSIVE;
				GCC_WARN_UNUSED_FUNCTION = YES;
				GCC_WARN_UNUSED_VARIABLE = YES;
				IPHONEOS_DEPLOYMENT_TARGET = 8.4;
				MTL_ENABLE_DEBUG_INFO = NO;
				SDKROOT = iphoneos;
				VALIDATE_PRODUCT = YES;
			};
			name = Release;
		};
		B5B939461B0646DB00DC7BE7 /* Debug */ = {
			isa = XCBuildConfiguration;
			buildSettings = {
				ASSETCATALOG_COMPILER_APPICON_NAME = AppIcon;
				INFOPLIST_FILE = Sodalite/Info.plist;
				LD_RUNPATH_SEARCH_PATHS = "$(inherited) @executable_path/Frameworks";
				PRODUCT_NAME = "$(TARGET_NAME)";
			};
			name = Debug;
		};
		B5B939471B0646DB00DC7BE7 /* Release */ = {
			isa = XCBuildConfiguration;
			buildSettings = {
				ASSETCATALOG_COMPILER_APPICON_NAME = AppIcon;
				INFOPLIST_FILE = Sodalite/Info.plist;
				LD_RUNPATH_SEARCH_PATHS = "$(inherited) @executable_path/Frameworks";
				PRODUCT_NAME = "$(TARGET_NAME)";
			};
			name = Release;
		};
		B5B939491B0646DB00DC7BE7 /* Debug */ = {
			isa = XCBuildConfiguration;
			buildSettings = {
				BUNDLE_LOADER = "$(TEST_HOST)";
				FRAMEWORK_SEARCH_PATHS = (
					"$(SDKROOT)/Developer/Library/Frameworks",
					"$(inherited)",
				);
				GCC_PREPROCESSOR_DEFINITIONS = (
					"DEBUG=1",
					"$(inherited)",
				);
				INFOPLIST_FILE = SodaliteTests/Info.plist;
				LD_RUNPATH_SEARCH_PATHS = "$(inherited) @executable_path/Frameworks @loader_path/Frameworks";
				PRODUCT_NAME = "$(TARGET_NAME)";
				TEST_HOST = "$(BUILT_PRODUCTS_DIR)/Sodalite.app/Sodalite";
			};
			name = Debug;
		};
		B5B9394A1B0646DB00DC7BE7 /* Release */ = {
			isa = XCBuildConfiguration;
			buildSettings = {
				BUNDLE_LOADER = "$(TEST_HOST)";
				FRAMEWORK_SEARCH_PATHS = (
					"$(SDKROOT)/Developer/Library/Frameworks",
					"$(inherited)",
				);
				INFOPLIST_FILE = SodaliteTests/Info.plist;
				LD_RUNPATH_SEARCH_PATHS = "$(inherited) @executable_path/Frameworks @loader_path/Frameworks";
				PRODUCT_NAME = "$(TARGET_NAME)";
				TEST_HOST = "$(BUILT_PRODUCTS_DIR)/Sodalite.app/Sodalite";
			};
			name = Release;
		};
/* End XCBuildConfiguration section */

/* Begin XCConfigurationList section */
		B5B939211B0646DB00DC7BE7 /* Build configuration list for PBXProject "Sodalite" */ = {
			isa = XCConfigurationList;
			buildConfigurations = (
				B5B939431B0646DB00DC7BE7 /* Debug */,
				B5B939441B0646DB00DC7BE7 /* Release */,
			);
			defaultConfigurationIsVisible = 0;
			defaultConfigurationName = Release;
		};
		B5B939451B0646DB00DC7BE7 /* Build configuration list for PBXNativeTarget "Sodalite" */ = {
			isa = XCConfigurationList;
			buildConfigurations = (
				B5B939461B0646DB00DC7BE7 /* Debug */,
				B5B939471B0646DB00DC7BE7 /* Release */,
			);
			defaultConfigurationIsVisible = 0;
			defaultConfigurationName = Release;
		};
		B5B939481B0646DB00DC7BE7 /* Build configuration list for PBXNativeTarget "SodaliteTests" */ = {
			isa = XCConfigurationList;
			buildConfigurations = (
				B5B939491B0646DB00DC7BE7 /* Debug */,
				B5B9394A1B0646DB00DC7BE7 /* Release */,
			);
			defaultConfigurationIsVisible = 0;
			defaultConfigurationName = Release;
		};
/* End XCConfigurationList section */
	};
	rootObject = B5B9391E1B0646DB00DC7BE7 /* Project object */;
}
